
Microsoft Visual Studio Solution File, Format Version 12.00
# Visual Studio Version 16
VisualStudioVersion = 16.0.30611.23
MinimumVisualStudioVersion = 10.0.40219.1
Project("{FAE04EC0-301F-11D3-BF4B-00C04F79EFBC}") = "dotNet_5781_00_1105_4185", "dotNet_5781_00_1105_4185\dotNet_5781_00_1105_4185.csproj", "{B06BF97F-14B5-407F-8B22-96DE667E46FC}"
EndProject
Project("{FAE04EC0-301F-11D3-BF4B-00C04F79EFBC}") = "dotNet_5781_01_1105_4185", "dotNet_5781_01_1105_4185\dotNet_5781_01_1105_4185.csproj", "{4D07D31A-BDF3-4A79-B9E2-9272BE2D4967}"
EndProject
Project("{FAE04EC0-301F-11D3-BF4B-00C04F79EFBC}") = "dotNet_5781_02_1105_4185", "dotNet_5781_02_1105_4185\dotNet_5781_02_1105_4185.csproj", "{E0E247C4-4FDB-408B-9074-325F69DBE788}"
EndProject
Project("{FAE04EC0-301F-11D3-BF4B-00C04F79EFBC}") = "dotNet_5781_03A_1105_4185", "dotNet_5781_03A_1105_4185\dotNet_5781_03A_1105_4185.csproj", "{CBB1D681-B2F3-42C9-998C-61DD00AD9309}"
EndProject
Project("{FAE04EC0-301F-11D3-BF4B-00C04F79EFBC}") = "dotNet_5781_03B_1105_4185", "dotNet_5781_03B_1105_4185\dotNet_5781_03B_1105_4185.csproj", "{74F9F84F-EC60-4419-9A24-2EE3ED48813B}"
EndProject
Project("{2150E333-8FDC-42A3-9474-1A3956D46DE8}") = "Project", "Project", "{0E832AA6-BABE-418E-982A-8A1A5379714B}"
EndProject
Project("{2150E333-8FDC-42A3-9474-1A3956D46DE8}") = "1 Data Layer", "1 Data Layer", "{B4371D50-BE8D-42B2-AFF1-65CD5B9527CD}"
EndProject
Project("{FAE04EC0-301F-11D3-BF4B-00C04F79EFBC}") = "DLAPI", "Project\Data Layer\DLAPI\DLAPI.csproj", "{1EDDE648-FAA8-447A-993B-47C2DB49DCBD}"
EndProject
Project("{FAE04EC0-301F-11D3-BF4B-00C04F79EFBC}") = "DLObject", "Project\Data Layer\DLObject\DLObject.csproj", "{ACC21A11-683E-4B9D-8DC2-E6A6C6D4171B}"
EndProject
Project("{FAE04EC0-301F-11D3-BF4B-00C04F79EFBC}") = "DLXML", "Project\Data Layer\DLXML\DLXML.csproj", "{997A94AC-F73F-4F89-A9D9-36C5B90BDDE1}"
EndProject
Project("{2150E333-8FDC-42A3-9474-1A3956D46DE8}") = "2 Bussiness Layer", "2 Bussiness Layer", "{BAA261BC-64BF-4098-8A42-CDDF1EE9EF5C}"
EndProject
Project("{FAE04EC0-301F-11D3-BF4B-00C04F79EFBC}") = "BL", "Project\Bussiness Layer\BL\BL.csproj", "{91AFA102-534F-495F-B2F5-272B5D469BEC}"
	ProjectSection(ProjectDependencies) = postProject
		{ACC21A11-683E-4B9D-8DC2-E6A6C6D4171B} = {ACC21A11-683E-4B9D-8DC2-E6A6C6D4171B}
		{997A94AC-F73F-4F89-A9D9-36C5B90BDDE1} = {997A94AC-F73F-4F89-A9D9-36C5B90BDDE1}
	EndProjectSection
EndProject
Project("{2150E333-8FDC-42A3-9474-1A3956D46DE8}") = "3 Presentation Layer", "3 Presentation Layer", "{C004AFB2-CF98-4D42-98EB-E9FCF5CBBE0A}"
EndProject
Project("{FAE04EC0-301F-11D3-BF4B-00C04F79EFBC}") = "PLWPF", "Project\Presentation Layer\PLWPF\PLWPF.csproj", "{C630789B-76D7-49D6-A272-DCB96DD68926}"
EndProject
Global
	GlobalSection(SolutionConfigurationPlatforms) = preSolution
		Debug|Any CPU = Debug|Any CPU
		Release|Any CPU = Release|Any CPU
	EndGlobalSection
	GlobalSection(ProjectConfigurationPlatforms) = postSolution
		{B06BF97F-14B5-407F-8B22-96DE667E46FC}.Debug|Any CPU.ActiveCfg = Debug|Any CPU
		{B06BF97F-14B5-407F-8B22-96DE667E46FC}.Debug|Any CPU.Build.0 = Debug|Any CPU
		{B06BF97F-14B5-407F-8B22-96DE667E46FC}.Release|Any CPU.ActiveCfg = Release|Any CPU
		{B06BF97F-14B5-407F-8B22-96DE667E46FC}.Release|Any CPU.Build.0 = Release|Any CPU
		{4D07D31A-BDF3-4A79-B9E2-9272BE2D4967}.Debug|Any CPU.ActiveCfg = Debug|Any CPU
		{4D07D31A-BDF3-4A79-B9E2-9272BE2D4967}.Debug|Any CPU.Build.0 = Debug|Any CPU
		{4D07D31A-BDF3-4A79-B9E2-9272BE2D4967}.Release|Any CPU.ActiveCfg = Release|Any CPU
		{4D07D31A-BDF3-4A79-B9E2-9272BE2D4967}.Release|Any CPU.Build.0 = Release|Any CPU
		{E0E247C4-4FDB-408B-9074-325F69DBE788}.Debug|Any CPU.ActiveCfg = Debug|Any CPU
		{E0E247C4-4FDB-408B-9074-325F69DBE788}.Debug|Any CPU.Build.0 = Debug|Any CPU
		{E0E247C4-4FDB-408B-9074-325F69DBE788}.Release|Any CPU.ActiveCfg = Release|Any CPU
		{E0E247C4-4FDB-408B-9074-325F69DBE788}.Release|Any CPU.Build.0 = Release|Any CPU
		{CBB1D681-B2F3-42C9-998C-61DD00AD9309}.Debug|Any CPU.ActiveCfg = Debug|Any CPU
		{CBB1D681-B2F3-42C9-998C-61DD00AD9309}.Debug|Any CPU.Build.0 = Debug|Any CPU
		{CBB1D681-B2F3-42C9-998C-61DD00AD9309}.Release|Any CPU.ActiveCfg = Release|Any CPU
		{CBB1D681-B2F3-42C9-998C-61DD00AD9309}.Release|Any CPU.Build.0 = Release|Any CPU
		{74F9F84F-EC60-4419-9A24-2EE3ED48813B}.Debug|Any CPU.ActiveCfg = Debug|Any CPU
		{74F9F84F-EC60-4419-9A24-2EE3ED48813B}.Debug|Any CPU.Build.0 = Debug|Any CPU
		{74F9F84F-EC60-4419-9A24-2EE3ED48813B}.Release|Any CPU.ActiveCfg = Release|Any CPU
		{74F9F84F-EC60-4419-9A24-2EE3ED48813B}.Release|Any CPU.Build.0 = Release|Any CPU
		{1EDDE648-FAA8-447A-993B-47C2DB49DCBD}.Debug|Any CPU.ActiveCfg = Debug|Any CPU
		{1EDDE648-FAA8-447A-993B-47C2DB49DCBD}.Debug|Any CPU.Build.0 = Debug|Any CPU
		{1EDDE648-FAA8-447A-993B-47C2DB49DCBD}.Release|Any CPU.ActiveCfg = Release|Any CPU
		{1EDDE648-FAA8-447A-993B-47C2DB49DCBD}.Release|Any CPU.Build.0 = Release|Any CPU
		{ACC21A11-683E-4B9D-8DC2-E6A6C6D4171B}.Debug|Any CPU.ActiveCfg = Debug|Any CPU
		{ACC21A11-683E-4B9D-8DC2-E6A6C6D4171B}.Debug|Any CPU.Build.0 = Debug|Any CPU
		{ACC21A11-683E-4B9D-8DC2-E6A6C6D4171B}.Release|Any CPU.ActiveCfg = Release|Any CPU
		{ACC21A11-683E-4B9D-8DC2-E6A6C6D4171B}.Release|Any CPU.Build.0 = Release|Any CPU
		{997A94AC-F73F-4F89-A9D9-36C5B90BDDE1}.Debug|Any CPU.ActiveCfg = Debug|Any CPU
		{997A94AC-F73F-4F89-A9D9-36C5B90BDDE1}.Debug|Any CPU.Build.0 = Debug|Any CPU
		{997A94AC-F73F-4F89-A9D9-36C5B90BDDE1}.Release|Any CPU.ActiveCfg = Release|Any CPU
		{997A94AC-F73F-4F89-A9D9-36C5B90BDDE1}.Release|Any CPU.Build.0 = Release|Any CPU
		{91AFA102-534F-495F-B2F5-272B5D469BEC}.Debug|Any CPU.ActiveCfg = Debug|Any CPU
		{91AFA102-534F-495F-B2F5-272B5D469BEC}.Debug|Any CPU.Build.0 = Debug|Any CPU
		{91AFA102-534F-495F-B2F5-272B5D469BEC}.Release|Any CPU.ActiveCfg = Release|Any CPU
		{91AFA102-534F-495F-B2F5-272B5D469BEC}.Release|Any CPU.Build.0 = Release|Any CPU
		{C630789B-76D7-49D6-A272-DCB96DD68926}.Debug|Any CPU.ActiveCfg = Debug|Any CPU
		{C630789B-76D7-49D6-A272-DCB96DD68926}.Debug|Any CPU.Build.0 = Debug|Any CPU
		{C630789B-76D7-49D6-A272-DCB96DD68926}.Release|Any CPU.ActiveCfg = Release|Any CPU
		{C630789B-76D7-49D6-A272-DCB96DD68926}.Release|Any CPU.Build.0 = Release|Any CPU
	EndGlobalSection
	GlobalSection(SolutionProperties) = preSolution
		HideSolutionNode = FALSE
	EndGlobalSection
	GlobalSection(NestedProjects) = preSolution
		{B4371D50-BE8D-42B2-AFF1-65CD5B9527CD} = {0E832AA6-BABE-418E-982A-8A1A5379714B}
		{1EDDE648-FAA8-447A-993B-47C2DB49DCBD} = {B4371D50-BE8D-42B2-AFF1-65CD5B9527CD}
		{ACC21A11-683E-4B9D-8DC2-E6A6C6D4171B} = {B4371D50-BE8D-42B2-AFF1-65CD5B9527CD}
		{997A94AC-F73F-4F89-A9D9-36C5B90BDDE1} = {B4371D50-BE8D-42B2-AFF1-65CD5B9527CD}
		{BAA261BC-64BF-4098-8A42-CDDF1EE9EF5C} = {0E832AA6-BABE-418E-982A-8A1A5379714B}
		{91AFA102-534F-495F-B2F5-272B5D469BEC} = {BAA261BC-64BF-4098-8A42-CDDF1EE9EF5C}
		{C004AFB2-CF98-4D42-98EB-E9FCF5CBBE0A} = {0E832AA6-BABE-418E-982A-8A1A5379714B}
		{C630789B-76D7-49D6-A272-DCB96DD68926} = {C004AFB2-CF98-4D42-98EB-E9FCF5CBBE0A}
	EndGlobalSection
	GlobalSection(ExtensibilityGlobals) = postSolution
		SolutionGuid = {A6461C29-E802-47E4-8013-C7D6146E949B}
	EndGlobalSection
EndGlobal
