
Microsoft Visual Studio Solution File, Format Version 12.00
# Visual Studio Version 16
VisualStudioVersion = 16.0.30611.23
MinimumVisualStudioVersion = 10.0.40219.1
Project("{FAE04EC0-301F-11D3-BF4B-00C04F79EFBC}") = "dotNet_5781_00_1105_4185", "dotNet_5781_00_1105_4185\dotNet_5781_00_1105_4185.csproj", "{B06BF97F-14B5-407F-8B22-96DE667E46FC}"
EndProject
Project("{FAE04EC0-301F-11D3-BF4B-00C04F79EFBC}") = "dotNet_5781_01_1105_4185", "dotNet_5781_01_1105_4185\dotNet_5781_01_1105_4185.csproj", "{4D07D31A-BDF3-4A79-B9E2-9272BE2D4967}"
EndProject
Project("{FAE04EC0-301F-11D3-BF4B-00C04F79EFBC}") = "dotNet_5781_02_1105_4185", "dotNet_5781_02_1105_4185\dotNet_5781_02_1105_4185.csproj", "{E0E247C4-4FDB-408B-9074-325F69DBE788}"
EndProject
Global
	GlobalSection(SolutionConfigurationPlatforms) = preSolution
		Debug|Any CPU = Debug|Any CPU
		Release|Any CPU = Release|Any CPU
	EndGlobalSection
	GlobalSection(ProjectConfigurationPlatforms) = postSolution
		{B06BF97F-14B5-407F-8B22-96DE667E46FC}.Debug|Any CPU.ActiveCfg = Debug|Any CPU
		{B06BF97F-14B5-407F-8B22-96DE667E46FC}.Debug|Any CPU.Build.0 = Debug|Any CPU
		{B06BF97F-14B5-407F-8B22-96DE667E46FC}.Release|Any CPU.ActiveCfg = Release|Any CPU
		{B06BF97F-14B5-407F-8B22-96DE667E46FC}.Release|Any CPU.Build.0 = Release|Any CPU
		{4D07D31A-BDF3-4A79-B9E2-9272BE2D4967}.Debug|Any CPU.ActiveCfg = Debug|Any CPU
		{4D07D31A-BDF3-4A79-B9E2-9272BE2D4967}.Debug|Any CPU.Build.0 = Debug|Any CPU
		{4D07D31A-BDF3-4A79-B9E2-9272BE2D4967}.Release|Any CPU.ActiveCfg = Release|Any CPU
		{4D07D31A-BDF3-4A79-B9E2-9272BE2D4967}.Release|Any CPU.Build.0 = Release|Any CPU
		{E0E247C4-4FDB-408B-9074-325F69DBE788}.Debug|Any CPU.ActiveCfg = Debug|Any CPU
		{E0E247C4-4FDB-408B-9074-325F69DBE788}.Debug|Any CPU.Build.0 = Debug|Any CPU
		{E0E247C4-4FDB-408B-9074-325F69DBE788}.Release|Any CPU.ActiveCfg = Release|Any CPU
		{E0E247C4-4FDB-408B-9074-325F69DBE788}.Release|Any CPU.Build.0 = Release|Any CPU
	EndGlobalSection
	GlobalSection(SolutionProperties) = preSolution
		HideSolutionNode = FALSE
	EndGlobalSection
	GlobalSection(ExtensibilityGlobals) = postSolution
		SolutionGuid = {A6461C29-E802-47E4-8013-C7D6146E949B}
	EndGlobalSection
EndGlobal
